
Microsoft Visual Studio Solution File, Format Version 12.00
# Visual Studio Version 16
VisualStudioVersion = 16.0.30503.244
MinimumVisualStudioVersion = 10.0.40219.1
Project("{FAE04EC0-301F-11D3-BF4B-00C04F79EFBC}") = "Tp1Programación", "Tp1Programación\Tp1Programación.csproj", "{001DD2A4-2E1C-4397-8341-A4890A32D5F6}"
EndProject
Global
	GlobalSection(SolutionConfigurationPlatforms) = preSolution
		Debug|Any CPU = Debug|Any CPU
		Release|Any CPU = Release|Any CPU
	EndGlobalSection
	GlobalSection(ProjectConfigurationPlatforms) = postSolution
		{001DD2A4-2E1C-4397-8341-A4890A32D5F6}.Debug|Any CPU.ActiveCfg = Debug|Any CPU
		{001DD2A4-2E1C-4397-8341-A4890A32D5F6}.Debug|Any CPU.Build.0 = Debug|Any CPU
		{001DD2A4-2E1C-4397-8341-A4890A32D5F6}.Release|Any CPU.ActiveCfg = Release|Any CPU
		{001DD2A4-2E1C-4397-8341-A4890A32D5F6}.Release|Any CPU.Build.0 = Release|Any CPU
	EndGlobalSection
	GlobalSection(SolutionProperties) = preSolution
		HideSolutionNode = FALSE
	EndGlobalSection
	GlobalSection(ExtensibilityGlobals) = postSolution
		SolutionGuid = {6834DE5D-1003-4C1B-A931-5C05E038B513}
	EndGlobalSection
EndGlobal
